
Microsoft Visual Studio Solution File, Format Version 12.00
# Visual Studio Version 16
VisualStudioVersion = 16.0.30114.105
MinimumVisualStudioVersion = 10.0.40219.1
Project("{9A19103F-16F7-4668-BE54-9A1E7A4F7556}") = "patience.core", "patience.core\patience.core.csproj", "{47131703-84F0-4218-BC66-124A3637814E}"
EndProject
Project("{FAE04EC0-301F-11D3-BF4B-00C04F79EFBC}") = "patience.core.test", "patience.core.test\patience.core.test.csproj", "{1EC8F0C8-5034-4BD0-8B21-0CFF0EB6737B}"
EndProject
Project("{FAE04EC0-301F-11D3-BF4B-00C04F79EFBC}") = "patience.core.abstractions", "patience.core.abstractions\patience.core.abstractions.csproj", "{1DC21D08-E37E-4FB2-AEB1-57EACDBF321F}"
EndProject
Project("{FAE04EC0-301F-11D3-BF4B-00C04F79EFBC}") = "patience.console", "patience.console\patience.console.csproj", "{68213A35-7C72-4683-87D4-74950F450E4F}"
EndProject
Global
	GlobalSection(SolutionConfigurationPlatforms) = preSolution
		Debug|Any CPU = Debug|Any CPU
		Release|Any CPU = Release|Any CPU
	EndGlobalSection
	GlobalSection(ProjectConfigurationPlatforms) = postSolution
		{47131703-84F0-4218-BC66-124A3637814E}.Debug|Any CPU.ActiveCfg = Debug|Any CPU
		{47131703-84F0-4218-BC66-124A3637814E}.Debug|Any CPU.Build.0 = Debug|Any CPU
		{47131703-84F0-4218-BC66-124A3637814E}.Release|Any CPU.ActiveCfg = Release|Any CPU
		{47131703-84F0-4218-BC66-124A3637814E}.Release|Any CPU.Build.0 = Release|Any CPU
		{1EC8F0C8-5034-4BD0-8B21-0CFF0EB6737B}.Debug|Any CPU.ActiveCfg = Debug|Any CPU
		{1EC8F0C8-5034-4BD0-8B21-0CFF0EB6737B}.Debug|Any CPU.Build.0 = Debug|Any CPU
		{1EC8F0C8-5034-4BD0-8B21-0CFF0EB6737B}.Release|Any CPU.ActiveCfg = Release|Any CPU
		{1EC8F0C8-5034-4BD0-8B21-0CFF0EB6737B}.Release|Any CPU.Build.0 = Release|Any CPU
		{1DC21D08-E37E-4FB2-AEB1-57EACDBF321F}.Debug|Any CPU.ActiveCfg = Debug|Any CPU
		{1DC21D08-E37E-4FB2-AEB1-57EACDBF321F}.Debug|Any CPU.Build.0 = Debug|Any CPU
		{1DC21D08-E37E-4FB2-AEB1-57EACDBF321F}.Release|Any CPU.ActiveCfg = Release|Any CPU
		{1DC21D08-E37E-4FB2-AEB1-57EACDBF321F}.Release|Any CPU.Build.0 = Release|Any CPU
		{68213A35-7C72-4683-87D4-74950F450E4F}.Debug|Any CPU.ActiveCfg = Debug|Any CPU
		{68213A35-7C72-4683-87D4-74950F450E4F}.Debug|Any CPU.Build.0 = Debug|Any CPU
		{68213A35-7C72-4683-87D4-74950F450E4F}.Release|Any CPU.ActiveCfg = Release|Any CPU
		{68213A35-7C72-4683-87D4-74950F450E4F}.Release|Any CPU.Build.0 = Release|Any CPU
	EndGlobalSection
	GlobalSection(SolutionProperties) = preSolution
		HideSolutionNode = FALSE
	EndGlobalSection
	GlobalSection(ExtensibilityGlobals) = postSolution
		SolutionGuid = {D3E58017-FE8E-4943-9CEC-5235E99CC776}
	EndGlobalSection
EndGlobal
